{
	"name": "enso",
	"version": "1.0.0",
	"lockfileVersion": 3,
	"requires": true,
	"packages": {
		"": {
			"name": "enso",
			"version": "1.0.0",
			"dependencies": {
				"@wonderlandengine/api": "^1.5.0-rc.4",
				"@wonderlandengine/components": "^1.2.1",
				"@wonderlandengine/editor-api": "^1.4.7",
				"@wonderlandengine/spatial-audio": "1.2.4",
				"gl-matrix": "^3.4.3"
			},
			"devDependencies": {
				"prettier-plugin-align": "^0.0.1-alpha.1",
				"prettier-plugin-curly": "^0.4.0"
			}
		},
		"node_modules/@types/earcut": {
			"version": "2.1.4",
			"resolved": "https://registry.npmjs.org/@types/earcut/-/earcut-2.1.4.tgz",
			"integrity": "sha512-qp3m9PPz4gULB9MhjGID7wpo3gJ4bTGXm7ltNDsmOvsPduTeHp8wSW9YckBj3mljeOh4F0m2z/0JKAALRKbmLQ==",
			"license": "MIT"
		},
		"node_modules/@types/webxr": {
			"version": "0.5.24",
			"resolved": "https://registry.npmjs.org/@types/webxr/-/webxr-0.5.24.tgz",
			"integrity": "sha512-h8fgEd/DpoS9CBrjEQXR+dIDraopAEfu4wYVNY2tEPwk60stPWhvZMf4Foo5FakuQ7HFZoa8WceaWFervK2Ovg==",
			"license": "MIT"
		},
		"node_modules/@wonderlandengine/api": {
			"version": "1.5.0-rc.5",
			"resolved": "https://registry.npmjs.org/@wonderlandengine/api/-/api-1.5.0-rc.5.tgz",
			"integrity": "sha512-A5Dj41Zq81Feit8NRLvnRp06belAaMKFB7H3MDquK35m8jfxxjDMjzaqmsQzUCI/lI/2CAMrYpos0KGfZiUEag==",
			"license": "MIT",
			"dependencies": {
				"@types/webxr": "^0.5.0"
			}
		},
		"node_modules/@wonderlandengine/components": {
			"version": "1.2.4",
			"resolved": "https://registry.npmjs.org/@wonderlandengine/components/-/components-1.2.4.tgz",
			"integrity": "sha512-bAhdBjPv9QRbPn6SUtRrE/IeYEDZ8OmVmHWytoZ9w5svOavqI6t1O4vR80n06bx9o/i0JRs0YA6w3YB5mXWYMw==",
			"license": "MIT",
			"dependencies": {
				"@types/earcut": "^2.1.1",
				"@types/webxr": "^0.5.21",
				"@wonderlandengine/spatial-audio": "^1.2.3",
				"earcut": "^2.2.4",
				"gl-matrix": "^3.3.0"
			},
			"peerDependencies": {
				"@wonderlandengine/api": "^1.1.0"
			}
		},
		"node_modules/@wonderlandengine/editor-api": {
			"version": "1.4.7",
			"resolved": "https://registry.npmjs.org/@wonderlandengine/editor-api/-/editor-api-1.4.7.tgz",
			"integrity": "sha512-AGAfOJG2w4Sr7JM48A6hUuMdsgD8bMfA5NQX4FBmoFlTTzyXsQ6vH0pWOl6Rg9EmkAf5Wi/G7FaRC/fczp2JqQ==",
			"license": "MIT"
		},
		"node_modules/@wonderlandengine/spatial-audio": {
			"version": "1.2.4",
			"resolved": "https://registry.npmjs.org/@wonderlandengine/spatial-audio/-/spatial-audio-1.2.4.tgz",
			"integrity": "sha512-zA2t4r0H1EXP3rvAIPXadYfeuidGTP/9QFhJ0nBHdW7h5ZPqxMF/LGIp1mSH/Oi/6obkKfNnPYGgMIgfG0wFPQ==",
			"license": "MIT",
			"peerDependencies": {
				"@wonderlandengine/api": "^1.0.0",
				"@wonderlandengine/components": "^1.0.6",
				"gl-matrix": "^3.4.3"
			}
		},
		"node_modules/earcut": {
			"version": "2.2.4",
			"resolved": "https://registry.npmjs.org/earcut/-/earcut-2.2.4.tgz",
			"integrity": "sha512-/pjZsA1b4RPHbeWZQn66SWS8nZZWLQQ23oE3Eam7aroEFGEvwKAsJfZ9ytiEMycfzXWpca4FA9QIOehf7PocBQ==",
			"license": "ISC"
		},
		"node_modules/gl-matrix": {
			"version": "3.4.4",
			"resolved": "https://registry.npmjs.org/gl-matrix/-/gl-matrix-3.4.4.tgz",
			"integrity": "sha512-latSnyDNt/8zYUB6VIJ6PCh2jBjJX6gnDsoCZ7LyW7GkqrD51EWwa9qCoGixj8YqBtETQK/xY7OmpTF8xz1DdQ==",
			"license": "MIT"
		},
		"node_modules/prettier": {
			"version": "3.6.2",
			"resolved": "https://registry.npmjs.org/prettier/-/prettier-3.6.2.tgz",
			"integrity": "sha512-I7AIg5boAr5R0FFtJ6rCfD+LFsWHp81dolrFD8S79U9tb8Az2nGrJncnMSnys+bpQJfRUzqs9hnA81OAA3hCuQ==",
			"dev": true,
			"license": "MIT",
			"peer": true,
			"bin": {
				"prettier": "bin/prettier.cjs"
			},
			"engines": {
				"node": ">=14"
			},
			"funding": {
				"url": "https://github.com/prettier/prettier?sponsor=1"
			}
		},
		"node_modules/prettier-plugin-align": {
			"version": "0.0.1-alpha.1",
			"resolved": "https://registry.npmjs.org/prettier-plugin-align/-/prettier-plugin-align-0.0.1-alpha.1.tgz",
			"integrity": "sha512-it1KNBBKeXcTEN4otV+8xn0BNydEd3rz0sAA8lSYDT2hVUGuAWBLDfaWPCpelOIPe6GJ6xsWU76/WOA5FOX+Xg==",
			"dev": true,
			"license": "MIT",
			"peerDependencies": {
				"prettier": "^3"
			}
		},
		"node_modules/prettier-plugin-curly": {
			"version": "0.4.0",
			"resolved": "https://registry.npmjs.org/prettier-plugin-curly/-/prettier-plugin-curly-0.4.0.tgz",
			"integrity": "sha512-URhXSCdeYs+hWFyFS5NDrRBarFU5RV7X9C00LuUKmjFDqD2wxJJWZU+wmkgN50jyn97TWgqI2XrE6rX2AdGgZg==",
			"dev": true,
			"license": "MIT",
			"engines": {
				"node": ">=18"
			},
			"peerDependencies": {
				"prettier": "^2 || ^3"
			}
		}
	}
}
